
Microsoft Visual Studio Solution File, Format Version 12.00
# Visual Studio Version 17
VisualStudioVersion = 17.9.34728.123
MinimumVisualStudioVersion = 10.0.40219.1
Project("{9A19103F-16F7-4668-BE54-9A1E7A4F7556}") = "Domain", "Domain\Domain.csproj", "{2954D108-83AF-497E-A148-85FB13292498}"
EndProject
Project("{2150E333-8FDC-42A3-9474-1A3956D46DE8}") = "Itens de Solução", "Itens de Solução", "{02F7AB17-2773-4012-A094-684B4A40A0DE}"
	ProjectSection(SolutionItems) = preProject
		Patterns.txt = Patterns.txt
	EndProjectSection
EndProject
Project("{FAE04EC0-301F-11D3-BF4B-00C04F79EFBC}") = "Application", "Application\Application.csproj", "{E48690B2-AC7F-48E9-8834-B7470C75F68E}"
EndProject
Global
	GlobalSection(SolutionConfigurationPlatforms) = preSolution
		Debug|Any CPU = Debug|Any CPU
		Release|Any CPU = Release|Any CPU
	EndGlobalSection
	GlobalSection(ProjectConfigurationPlatforms) = postSolution
		{2954D108-83AF-497E-A148-85FB13292498}.Debug|Any CPU.ActiveCfg = Debug|Any CPU
		{2954D108-83AF-497E-A148-85FB13292498}.Debug|Any CPU.Build.0 = Debug|Any CPU
		{2954D108-83AF-497E-A148-85FB13292498}.Release|Any CPU.ActiveCfg = Release|Any CPU
		{2954D108-83AF-497E-A148-85FB13292498}.Release|Any CPU.Build.0 = Release|Any CPU
		{E48690B2-AC7F-48E9-8834-B7470C75F68E}.Debug|Any CPU.ActiveCfg = Debug|Any CPU
		{E48690B2-AC7F-48E9-8834-B7470C75F68E}.Debug|Any CPU.Build.0 = Debug|Any CPU
		{E48690B2-AC7F-48E9-8834-B7470C75F68E}.Release|Any CPU.ActiveCfg = Release|Any CPU
		{E48690B2-AC7F-48E9-8834-B7470C75F68E}.Release|Any CPU.Build.0 = Release|Any CPU
	EndGlobalSection
	GlobalSection(SolutionProperties) = preSolution
		HideSolutionNode = FALSE
	EndGlobalSection
	GlobalSection(ExtensibilityGlobals) = postSolution
		SolutionGuid = {C422C9D0-0D81-44C0-B36D-BB129C79016F}
	EndGlobalSection
EndGlobal
